// !$*UTF8*$!
{
	archiveVersion = 1;
	classes = {
	};
	objectVersion = 50;
	objects = {

/* Begin PBXBuildFile section */
		68E66042225EDD6100045D07 /* AppDelegate.m in Sources */ = {isa = PBXBuildFile; fileRef = 68E66041225EDD6100045D07 /* AppDelegate.m */; };
		68E66045225EDD6100045D07 /* ViewController.m in Sources */ = {isa = PBXBuildFile; fileRef = 68E66044225EDD6100045D07 /* ViewController.m */; };
		68E66048225EDD6100045D07 /* Main.storyboard in Resources */ = {isa = PBXBuildFile; fileRef = 68E66046225EDD6100045D07 /* Main.storyboard */; };
		68E6604B225EDD6100045D07 /* _____.xcdatamodeld in Sources */ = {isa = PBXBuildFile; fileRef = 68E66049225EDD6100045D07 /* _____.xcdatamodeld */; };
		68E6604D225EDD6400045D07 /* Assets.xcassets in Resources */ = {isa = PBXBuildFile; fileRef = 68E6604C225EDD6400045D07 /* Assets.xcassets */; };
		68E66050225EDD6400045D07 /* LaunchScreen.storyboard in Resources */ = {isa = PBXBuildFile; fileRef = 68E6604E225EDD6400045D07 /* LaunchScreen.storyboard */; };
		68E66053225EDD6400045D07 /* main.m in Sources */ = {isa = PBXBuildFile; fileRef = 68E66052225EDD6400045D07 /* main.m */; };
		68E6605F225EDF7A00045D07 /* xzq.plist in Resources */ = {isa = PBXBuildFile; fileRef = 68E6605E225EDF7A00045D07 /* xzq.plist */; };
		68E66073225EDFD700045D07 /* 8.jpg in Resources */ = {isa = PBXBuildFile; fileRef = 68E66061225EDFD700045D07 /* 8.jpg */; };
		68E66074225EDFD700045D07 /* 14.jpg in Resources */ = {isa = PBXBuildFile; fileRef = 68E66062225EDFD700045D07 /* 14.jpg */; };
		68E66075225EDFD700045D07 /* 15.jpg in Resources */ = {isa = PBXBuildFile; fileRef = 68E66063225EDFD700045D07 /* 15.jpg */; };
		68E66076225EDFD700045D07 /* 17.jpg in Resources */ = {isa = PBXBuildFile; fileRef = 68E66064225EDFD700045D07 /* 17.jpg */; };
		68E66077225EDFD700045D07 /* 16.jpg in Resources */ = {isa = PBXBuildFile; fileRef = 68E66065225EDFD700045D07 /* 16.jpg */; };
		68E66078225EDFD700045D07 /* 12.jpg in Resources */ = {isa = PBXBuildFile; fileRef = 68E66066225EDFD700045D07 /* 12.jpg */; };
		68E66079225EDFD700045D07 /* 13.jpg in Resources */ = {isa = PBXBuildFile; fileRef = 68E66067225EDFD700045D07 /* 13.jpg */; };
		68E6607A225EDFD700045D07 /* 11.jpg in Resources */ = {isa = PBXBuildFile; fileRef = 68E66068225EDFD700045D07 /* 11.jpg */; };
		68E6607B225EDFD700045D07 /* 10.jpg in Resources */ = {isa = PBXBuildFile; fileRef = 68E66069225EDFD700045D07 /* 10.jpg */; };
		68E6607C225EDFD700045D07 /* 18.jpg in Resources */ = {isa = PBXBuildFile; fileRef = 68E6606A225EDFD700045D07 /* 18.jpg */; };
		68E6607D225EDFD700045D07 /* 19.jpg in Resources */ = {isa = PBXBuildFile; fileRef = 68E6606B225EDFD700045D07 /* 19.jpg */; };
		68E6607E225EDFD700045D07 /* 4.jpg in Resources */ = {isa = PBXBuildFile; fileRef = 68E6606C225EDFD700045D07 /* 4.jpg */; };
		68E6607F225EDFD700045D07 /* 5.jpg in Resources */ = {isa = PBXBuildFile; fileRef = 68E6606D225EDFD700045D07 /* 5.jpg */; };
		68E66080225EDFD700045D07 /* 7.jpg in Resources */ = {isa = PBXBuildFile; fileRef = 68E6606E225EDFD700045D07 /* 7.jpg */; };
		68E66081225EDFD700045D07 /* 6.jpg in Resources */ = {isa = PBXBuildFile; fileRef = 68E6606F225EDFD700045D07 /* 6.jpg */; };
		68E66082225EDFD700045D07 /* 2.jpg in Resources */ = {isa = PBXBuildFile; fileRef = 68E66070225EDFD700045D07 /* 2.jpg */; };
		68E66083225EDFD700045D07 /* 3.jpg in Resources */ = {isa = PBXBuildFile; fileRef = 68E66071225EDFD700045D07 /* 3.jpg */; };
		68E66084225EDFD700045D07 /* 1.jpg in Resources */ = {isa = PBXBuildFile; fileRef = 68E66072225EDFD700045D07 /* 1.jpg */; };
		68E66087225EECDC00045D07 /* WZHQuestion.m in Sources */ = {isa = PBXBuildFile; fileRef = 68E66086225EECDC00045D07 /* WZHQuestion.m */; };
/* End PBXBuildFile section */

/* Begin PBXFileReference section */
		68E6603D225EDD6100045D07 /* 搞笑选择题.app */ = {isa = PBXFileReference; explicitFileType = wrapper.application; includeInIndex = 0; path = "搞笑选择题.app"; sourceTree = BUILT_PRODUCTS_DIR; };
		68E66040225EDD6100045D07 /* AppDelegate.h */ = {isa = PBXFileReference; lastKnownFileType = sourcecode.c.h; path = AppDelegate.h; sourceTree = "<group>"; };
		68E66041225EDD6100045D07 /* AppDelegate.m */ = {isa = PBXFileReference; lastKnownFileType = sourcecode.c.objc; path = AppDelegate.m; sourceTree = "<group>"; };
		68E66043225EDD6100045D07 /* ViewController.h */ = {isa = PBXFileReference; lastKnownFileType = sourcecode.c.h; path = ViewController.h; sourceTree = "<group>"; };
		68E66044225EDD6100045D07 /* ViewController.m */ = {isa = PBXFileReference; lastKnownFileType = sourcecode.c.objc; path = ViewController.m; sourceTree = "<group>"; };
		68E66047225EDD6100045D07 /* Base */ = {isa = PBXFileReference; lastKnownFileType = file.storyboard; name = Base; path = Base.lproj/Main.storyboard; sourceTree = "<group>"; };
		68E6604A225EDD6100045D07 /* _____.xcdatamodel */ = {isa = PBXFileReference; lastKnownFileType = wrapper.xcdatamodel; path = "_____.xcdatamodel"; sourceTree = "<group>"; };
		68E6604C225EDD6400045D07 /* Assets.xcassets */ = {isa = PBXFileReference; lastKnownFileType = folder.assetcatalog; path = Assets.xcassets; sourceTree = "<group>"; };
		68E6604F225EDD6400045D07 /* Base */ = {isa = PBXFileReference; lastKnownFileType = file.storyboard; name = Base; path = Base.lproj/LaunchScreen.storyboard; sourceTree = "<group>"; };
		68E66051225EDD6400045D07 /* Info.plist */ = {isa = PBXFileReference; lastKnownFileType = text.plist.xml; path = Info.plist; sourceTree = "<group>"; };
		68E66052225EDD6400045D07 /* main.m */ = {isa = PBXFileReference; lastKnownFileType = sourcecode.c.objc; path = main.m; sourceTree = "<group>"; };
		68E6605E225EDF7A00045D07 /* xzq.plist */ = {isa = PBXFileReference; lastKnownFileType = text.plist.xml; path = xzq.plist; sourceTree = "<group>"; };
		68E66061225EDFD700045D07 /* 8.jpg */ = {isa = PBXFileReference; lastKnownFileType = image.jpeg; path = 8.jpg; sourceTree = "<group>"; };
		68E66062225EDFD700045D07 /* 14.jpg */ = {isa = PBXFileReference; lastKnownFileType = image.jpeg; path = 14.jpg; sourceTree = "<group>"; };
		68E66063225EDFD700045D07 /* 15.jpg */ = {isa = PBXFileReference; lastKnownFileType = image.jpeg; path = 15.jpg; sourceTree = "<group>"; };
		68E66064225EDFD700045D07 /* 17.jpg */ = {isa = PBXFileReference; lastKnownFileType = image.jpeg; path = 17.jpg; sourceTree = "<group>"; };
		68E66065225EDFD700045D07 /* 16.jpg */ = {isa = PBXFileReference; lastKnownFileType = image.jpeg; path = 16.jpg; sourceTree = "<group>"; };
		68E66066225EDFD700045D07 /* 12.jpg */ = {isa = PBXFileReference; lastKnownFileType = image.jpeg; path = 12.jpg; sourceTree = "<group>"; };
		68E66067225EDFD700045D07 /* 13.jpg */ = {isa = PBXFileReference; lastKnownFileType = image.jpeg; path = 13.jpg; sourceTree = "<group>"; };
		68E66068225EDFD700045D07 /* 11.jpg */ = {isa = PBXFileReference; lastKnownFileType = image.jpeg; path = 11.jpg; sourceTree = "<group>"; };
		68E66069225EDFD700045D07 /* 10.jpg */ = {isa = PBXFileReference; lastKnownFileType = image.jpeg; path = 10.jpg; sourceTree = "<group>"; };
		68E6606A225EDFD700045D07 /* 18.jpg */ = {isa = PBXFileReference; lastKnownFileType = image.jpeg; path = 18.jpg; sourceTree = "<group>"; };
		68E6606B225EDFD700045D07 /* 19.jpg */ = {isa = PBXFileReference; lastKnownFileType = image.jpeg; path = 19.jpg; sourceTree = "<group>"; };
		68E6606C225EDFD700045D07 /* 4.jpg */ = {isa = PBXFileReference; lastKnownFileType = image.jpeg; path = 4.jpg; sourceTree = "<group>"; };
		68E6606D225EDFD700045D07 /* 5.jpg */ = {isa = PBXFileReference; lastKnownFileType = image.jpeg; path = 5.jpg; sourceTree = "<group>"; };
		68E6606E225EDFD700045D07 /* 7.jpg */ = {isa = PBXFileReference; lastKnownFileType = image.jpeg; path = 7.jpg; sourceTree = "<group>"; };
		68E6606F225EDFD700045D07 /* 6.jpg */ = {isa = PBXFileReference; lastKnownFileType = image.jpeg; path = 6.jpg; sourceTree = "<group>"; };
		68E66070225EDFD700045D07 /* 2.jpg */ = {isa = PBXFileReference; lastKnownFileType = image.jpeg; path = 2.jpg; sourceTree = "<group>"; };
		68E66071225EDFD700045D07 /* 3.jpg */ = {isa = PBXFileReference; lastKnownFileType = image.jpeg; path = 3.jpg; sourceTree = "<group>"; };
		68E66072225EDFD700045D07 /* 1.jpg */ = {isa = PBXFileReference; lastKnownFileType = image.jpeg; path = 1.jpg; sourceTree = "<group>"; };
		68E66085225EECDC00045D07 /* WZHQuestion.h */ = {isa = PBXFileReference; lastKnownFileType = sourcecode.c.h; path = WZHQuestion.h; sourceTree = "<group>"; };
		68E66086225EECDC00045D07 /* WZHQuestion.m */ = {isa = PBXFileReference; lastKnownFileType = sourcecode.c.objc; path = WZHQuestion.m; sourceTree = "<group>"; };
/* End PBXFileReference section */

/* Begin PBXFrameworksBuildPhase section */
		68E6603A225EDD6100045D07 /* Frameworks */ = {
			isa = PBXFrameworksBuildPhase;
			buildActionMask = 2147483647;
			files = (
			);
			runOnlyForDeploymentPostprocessing = 0;
		};
/* End PBXFrameworksBuildPhase section */

/* Begin PBXGroup section */
		68E66034225EDD6100045D07 = {
			isa = PBXGroup;
			children = (
				68E6603F225EDD6100045D07 /* 搞笑选择题 */,
				68E6603E225EDD6100045D07 /* Products */,
			);
			sourceTree = "<group>";
		};
		68E6603E225EDD6100045D07 /* Products */ = {
			isa = PBXGroup;
			children = (
				68E6603D225EDD6100045D07 /* 搞笑选择题.app */,
			);
			name = Products;
			sourceTree = "<group>";
		};
		68E6603F225EDD6100045D07 /* 搞笑选择题 */ = {
			isa = PBXGroup;
			children = (
				68E66060225EDFD700045D07 /* 歪头 */,
				68E66049225EDD6100045D07 /* _____.xcdatamodeld */,
				68E6604C225EDD6400045D07 /* Assets.xcassets */,
				68E66051225EDD6400045D07 /* Info.plist */,
				68E66052225EDD6400045D07 /* main.m */,
				68E6605C225EDD8500045D07 /* m */,
				68E6605B225EDD8300045D07 /* v */,
				68E6605A225EDD8100045D07 /* c */,
				68E66059225EDD7E00045D07 /* other */,
				68E6605E225EDF7A00045D07 /* xzq.plist */,
			);
			path = "搞笑选择题";
			sourceTree = "<group>";
		};
		68E66059225EDD7E00045D07 /* other */ = {
			isa = PBXGroup;
			children = (
				68E66040225EDD6100045D07 /* AppDelegate.h */,
				68E66041225EDD6100045D07 /* AppDelegate.m */,
			);
			path = other;
			sourceTree = "<group>";
		};
		68E6605A225EDD8100045D07 /* c */ = {
			isa = PBXGroup;
			children = (
				68E66043225EDD6100045D07 /* ViewController.h */,
				68E66044225EDD6100045D07 /* ViewController.m */,
			);
			path = c;
			sourceTree = "<group>";
		};
		68E6605B225EDD8300045D07 /* v */ = {
			isa = PBXGroup;
			children = (
				68E66046225EDD6100045D07 /* Main.storyboard */,
				68E6604E225EDD6400045D07 /* LaunchScreen.storyboard */,
			);
			path = v;
			sourceTree = "<group>";
		};
		68E6605C225EDD8500045D07 /* m */ = {
			isa = PBXGroup;
			children = (
				68E66085225EECDC00045D07 /* WZHQuestion.h */,
				68E66086225EECDC00045D07 /* WZHQuestion.m */,
			);
			path = m;
			sourceTree = "<group>";
		};
		68E66060225EDFD700045D07 /* 歪头 */ = {
			isa = PBXGroup;
			children = (
				68E66061225EDFD700045D07 /* 8.jpg */,
				68E66062225EDFD700045D07 /* 14.jpg */,
				68E66063225EDFD700045D07 /* 15.jpg */,
				68E66064225EDFD700045D07 /* 17.jpg */,
				68E66065225EDFD700045D07 /* 16.jpg */,
				68E66066225EDFD700045D07 /* 12.jpg */,
				68E66067225EDFD700045D07 /* 13.jpg */,
				68E66068225EDFD700045D07 /* 11.jpg */,
				68E66069225EDFD700045D07 /* 10.jpg */,
				68E6606A225EDFD700045D07 /* 18.jpg */,
				68E6606B225EDFD700045D07 /* 19.jpg */,
				68E6606C225EDFD700045D07 /* 4.jpg */,
				68E6606D225EDFD700045D07 /* 5.jpg */,
				68E6606E225EDFD700045D07 /* 7.jpg */,
				68E6606F225EDFD700045D07 /* 6.jpg */,
				68E66070225EDFD700045D07 /* 2.jpg */,
				68E66071225EDFD700045D07 /* 3.jpg */,
				68E66072225EDFD700045D07 /* 1.jpg */,
			);
			path = "歪头";
			sourceTree = "<group>";
		};
/* End PBXGroup section */

/* Begin PBXNativeTarget section */
		68E6603C225EDD6100045D07 /* 搞笑选择题 */ = {
			isa = PBXNativeTarget;
			buildConfigurationList = 68E66056225EDD6400045D07 /* Build configuration list for PBXNativeTarget "搞笑选择题" */;
			buildPhases = (
				68E66039225EDD6100045D07 /* Sources */,
				68E6603A225EDD6100045D07 /* Frameworks */,
				68E6603B225EDD6100045D07 /* Resources */,
			);
			buildRules = (
			);
			dependencies = (
			);
			name = "搞笑选择题";
			productName = "搞笑选择题";
			productReference = 68E6603D225EDD6100045D07 /* 搞笑选择题.app */;
			productType = "com.apple.product-type.application";
		};
/* End PBXNativeTarget section */

/* Begin PBXProject section */
		68E66035225EDD6100045D07 /* Project object */ = {
			isa = PBXProject;
			attributes = {
				CLASSPREFIX = WZH;
				LastUpgradeCheck = 1000;
				ORGANIZATIONNAME = "三哥哥";
				TargetAttributes = {
					68E6603C225EDD6100045D07 = {
						CreatedOnToolsVersion = 10.0;
					};
				};
			};
			buildConfigurationList = 68E66038225EDD6100045D07 /* Build configuration list for PBXProject "搞笑选择题" */;
			compatibilityVersion = "Xcode 9.3";
			developmentRegion = en;
			hasScannedForEncodings = 0;
			knownRegions = (
				en,
				Base,
			);
			mainGroup = 68E66034225EDD6100045D07;
			productRefGroup = 68E6603E225EDD6100045D07 /* Products */;
			projectDirPath = "";
			projectRoot = "";
			targets = (
				68E6603C225EDD6100045D07 /* 搞笑选择题 */,
			);
		};
/* End PBXProject section */

/* Begin PBXResourcesBuildPhase section */
		68E6603B225EDD6100045D07 /* Resources */ = {
			isa = PBXResourcesBuildPhase;
			buildActionMask = 2147483647;
			files = (
				68E6607B225EDFD700045D07 /* 10.jpg in Resources */,
				68E66078225EDFD700045D07 /* 12.jpg in Resources */,
				68E66082225EDFD700045D07 /* 2.jpg in Resources */,
				68E66075225EDFD700045D07 /* 15.jpg in Resources */,
				68E66081225EDFD700045D07 /* 6.jpg in Resources */,
				68E66074225EDFD700045D07 /* 14.jpg in Resources */,
				68E6607A225EDFD700045D07 /* 11.jpg in Resources */,
				68E66073225EDFD700045D07 /* 8.jpg in Resources */,
				68E66050225EDD6400045D07 /* LaunchScreen.storyboard in Resources */,
				68E66079225EDFD700045D07 /* 13.jpg in Resources */,
				68E6607F225EDFD700045D07 /* 5.jpg in Resources */,
				68E66084225EDFD700045D07 /* 1.jpg in Resources */,
				68E6607E225EDFD700045D07 /* 4.jpg in Resources */,
				68E66083225EDFD700045D07 /* 3.jpg in Resources */,
				68E6604D225EDD6400045D07 /* Assets.xcassets in Resources */,
				68E66076225EDFD700045D07 /* 17.jpg in Resources */,
				68E6607D225EDFD700045D07 /* 19.jpg in Resources */,
				68E6605F225EDF7A00045D07 /* xzq.plist in Resources */,
				68E66077225EDFD700045D07 /* 16.jpg in Resources */,
				68E66080225EDFD700045D07 /* 7.jpg in Resources */,
				68E6607C225EDFD700045D07 /* 18.jpg in Resources */,
				68E66048225EDD6100045D07 /* Main.storyboard in Resources */,
			);
			runOnlyForDeploymentPostprocessing = 0;
		};
/* End PBXResourcesBuildPhase section */

/* Begin PBXSourcesBuildPhase section */
		68E66039225EDD6100045D07 /* Sources */ = {
			isa = PBXSourcesBuildPhase;
			buildActionMask = 2147483647;
			files = (
				68E66045225EDD6100045D07 /* ViewController.m in Sources */,
				68E6604B225EDD6100045D07 /* _____.xcdatamodeld in Sources */,
				68E66053225EDD6400045D07 /* main.m in Sources */,
				68E66042225EDD6100045D07 /* AppDelegate.m in Sources */,
				68E66087225EECDC00045D07 /* WZHQuestion.m in Sources */,
			);
			runOnlyForDeploymentPostprocessing = 0;
		};
/* End PBXSourcesBuildPhase section */

/* Begin PBXVariantGroup section */
		68E66046225EDD6100045D07 /* Main.storyboard */ = {
			isa = PBXVariantGroup;
			children = (
				68E66047225EDD6100045D07 /* Base */,
			);
			name = Main.storyboard;
			sourceTree = "<group>";
		};
		68E6604E225EDD6400045D07 /* LaunchScreen.storyboard */ = {
			isa = PBXVariantGroup;
			children = (
				68E6604F225EDD6400045D07 /* Base */,
			);
			name = LaunchScreen.storyboard;
			sourceTree = "<group>";
		};
/* End PBXVariantGroup section */

/* Begin XCBuildConfiguration section */
		68E66054225EDD6400045D07 /* Debug */ = {
			isa = XCBuildConfiguration;
			buildSettings = {
				ALWAYS_SEARCH_USER_PATHS = NO;
				CLANG_ANALYZER_NONNULL = YES;
				CLANG_ANALYZER_NUMBER_OBJECT_CONVERSION = YES_AGGRESSIVE;
				CLANG_CXX_LANGUAGE_STANDARD = "gnu++14";
				CLANG_CXX_LIBRARY = "libc++";
				CLANG_ENABLE_MODULES = YES;
				CLANG_ENABLE_OBJC_ARC = YES;
				CLANG_ENABLE_OBJC_WEAK = YES;
				CLANG_WARN_BLOCK_CAPTURE_AUTORELEASING = YES;
				CLANG_WARN_BOOL_CONVERSION = YES;
				CLANG_WARN_COMMA = YES;
				CLANG_WARN_CONSTANT_CONVERSION = YES;
				CLANG_WARN_DEPRECATED_OBJC_IMPLEMENTATIONS = YES;
				CLANG_WARN_DIRECT_OBJC_ISA_USAGE = YES_ERROR;
				CLANG_WARN_DOCUMENTATION_COMMENTS = YES;
				CLANG_WARN_EMPTY_BODY = YES;
				CLANG_WARN_ENUM_CONVERSION = YES;
				CLANG_WARN_INFINITE_RECURSION = YES;
				CLANG_WARN_INT_CONVERSION = YES;
				CLANG_WARN_NON_LITERAL_NULL_CONVERSION = YES;
				CLANG_WARN_OBJC_IMPLICIT_RETAIN_SELF = YES;
				CLANG_WARN_OBJC_LITERAL_CONVERSION = YES;
				CLANG_WARN_OBJC_ROOT_CLASS = YES_ERROR;
				CLANG_WARN_RANGE_LOOP_ANALYSIS = YES;
				CLANG_WARN_STRICT_PROTOTYPES = YES;
				CLANG_WARN_SUSPICIOUS_MOVE = YES;
				CLANG_WARN_UNGUARDED_AVAILABILITY = YES_AGGRESSIVE;
				CLANG_WARN_UNREACHABLE_CODE = YES;
				CLANG_WARN__DUPLICATE_METHOD_MATCH = YES;
				CODE_SIGN_IDENTITY = "iPhone Developer";
				COPY_PHASE_STRIP = NO;
				DEBUG_INFORMATION_FORMAT = dwarf;
				ENABLE_STRICT_OBJC_MSGSEND = YES;
				ENABLE_TESTABILITY = YES;
				GCC_C_LANGUAGE_STANDARD = gnu11;
				GCC_DYNAMIC_NO_PIC = NO;
				GCC_NO_COMMON_BLOCKS = YES;
				GCC_OPTIMIZATION_LEVEL = 0;
				GCC_PREPROCESSOR_DEFINITIONS = (
					"DEBUG=1",
					"$(inherited)",
				);
				GCC_WARN_64_TO_32_BIT_CONVERSION = YES;
				GCC_WARN_ABOUT_RETURN_TYPE = YES_ERROR;
				GCC_WARN_UNDECLARED_SELECTOR = YES;
				GCC_WARN_UNINITIALIZED_AUTOS = YES_AGGRESSIVE;
				GCC_WARN_UNUSED_FUNCTION = YES;
				GCC_WARN_UNUSED_VARIABLE = YES;
				IPHONEOS_DEPLOYMENT_TARGET = 12.0;
				MTL_ENABLE_DEBUG_INFO = INCLUDE_SOURCE;
				MTL_FAST_MATH = YES;
				ONLY_ACTIVE_ARCH = YES;
				SDKROOT = iphoneos;
			};
			name = Debug;
		};
		68E66055225EDD6400045D07 /* Release */ = {
			isa = XCBuildConfiguration;
			buildSettings = {
				ALWAYS_SEARCH_USER_PATHS = NO;
				CLANG_ANALYZER_NONNULL = YES;
				CLANG_ANALYZER_NUMBER_OBJECT_CONVERSION = YES_AGGRESSIVE;
				CLANG_CXX_LANGUAGE_STANDARD = "gnu++14";
				CLANG_CXX_LIBRARY = "libc++";
				CLANG_ENABLE_MODULES = YES;
				CLANG_ENABLE_OBJC_ARC = YES;
				CLANG_ENABLE_OBJC_WEAK = YES;
				CLANG_WARN_BLOCK_CAPTURE_AUTORELEASING = YES;
				CLANG_WARN_BOOL_CONVERSION = YES;
				CLANG_WARN_COMMA = YES;
				CLANG_WARN_CONSTANT_CONVERSION = YES;
				CLANG_WARN_DEPRECATED_OBJC_IMPLEMENTATIONS = YES;
				CLANG_WARN_DIRECT_OBJC_ISA_USAGE = YES_ERROR;
				CLANG_WARN_DOCUMENTATION_COMMENTS = YES;
				CLANG_WARN_EMPTY_BODY = YES;
				CLANG_WARN_ENUM_CONVERSION = YES;
				CLANG_WARN_INFINITE_RECURSION = YES;
				CLANG_WARN_INT_CONVERSION = YES;
				CLANG_WARN_NON_LITERAL_NULL_CONVERSION = YES;
				CLANG_WARN_OBJC_IMPLICIT_RETAIN_SELF = YES;
				CLANG_WARN_OBJC_LITERAL_CONVERSION = YES;
				CLANG_WARN_OBJC_ROOT_CLASS = YES_ERROR;
				CLANG_WARN_RANGE_LOOP_ANALYSIS = YES;
				CLANG_WARN_STRICT_PROTOTYPES = YES;
				CLANG_WARN_SUSPICIOUS_MOVE = YES;
				CLANG_WARN_UNGUARDED_AVAILABILITY = YES_AGGRESSIVE;
				CLANG_WARN_UNREACHABLE_CODE = YES;
				CLANG_WARN__DUPLICATE_METHOD_MATCH = YES;
				CODE_SIGN_IDENTITY = "iPhone Developer";
				COPY_PHASE_STRIP = NO;
				DEBUG_INFORMATION_FORMAT = "dwarf-with-dsym";
				ENABLE_NS_ASSERTIONS = NO;
				ENABLE_STRICT_OBJC_MSGSEND = YES;
				GCC_C_LANGUAGE_STANDARD = gnu11;
				GCC_NO_COMMON_BLOCKS = YES;
				GCC_WARN_64_TO_32_BIT_CONVERSION = YES;
				GCC_WARN_ABOUT_RETURN_TYPE = YES_ERROR;
				GCC_WARN_UNDECLARED_SELECTOR = YES;
				GCC_WARN_UNINITIALIZED_AUTOS = YES_AGGRESSIVE;
				GCC_WARN_UNUSED_FUNCTION = YES;
				GCC_WARN_UNUSED_VARIABLE = YES;
				IPHONEOS_DEPLOYMENT_TARGET = 12.0;
				MTL_ENABLE_DEBUG_INFO = NO;
				MTL_FAST_MATH = YES;
				SDKROOT = iphoneos;
				VALIDATE_PRODUCT = YES;
			};
			name = Release;
		};
		68E66057225EDD6400045D07 /* Debug */ = {
			isa = XCBuildConfiguration;
			buildSettings = {
				ASSETCATALOG_COMPILER_APPICON_NAME = AppIcon;
				CODE_SIGN_STYLE = Automatic;
				INFOPLIST_FILE = "搞笑选择题/Info.plist";
				LD_RUNPATH_SEARCH_PATHS = (
					"$(inherited)",
					"@executable_path/Frameworks",
				);
				PRODUCT_BUNDLE_IDENTIFIER = "com.wangsan.-----";
				PRODUCT_NAME = "$(TARGET_NAME)";
				TARGETED_DEVICE_FAMILY = "1,2";
			};
			name = Debug;
		};
		68E66058225EDD6400045D07 /* Release */ = {
			isa = XCBuildConfiguration;
			buildSettings = {
				ASSETCATALOG_COMPILER_APPICON_NAME = AppIcon;
				CODE_SIGN_STYLE = Automatic;
				INFOPLIST_FILE = "搞笑选择题/Info.plist";
				LD_RUNPATH_SEARCH_PATHS = (
					"$(inherited)",
					"@executable_path/Frameworks",
				);
				PRODUCT_BUNDLE_IDENTIFIER = "com.wangsan.-----";
				PRODUCT_NAME = "$(TARGET_NAME)";
				TARGETED_DEVICE_FAMILY = "1,2";
			};
			name = Release;
		};
/* End XCBuildConfiguration section */

/* Begin XCConfigurationList section */
		68E66038225EDD6100045D07 /* Build configuration list for PBXProject "搞笑选择题" */ = {
			isa = XCConfigurationList;
			buildConfigurations = (
				68E66054225EDD6400045D07 /* Debug */,
				68E66055225EDD6400045D07 /* Release */,
			);
			defaultConfigurationIsVisible = 0;
			defaultConfigurationName = Release;
		};
		68E66056225EDD6400045D07 /* Build configuration list for PBXNativeTarget "搞笑选择题" */ = {
			isa = XCConfigurationList;
			buildConfigurations = (
				68E66057225EDD6400045D07 /* Debug */,
				68E66058225EDD6400045D07 /* Release */,
			);
			defaultConfigurationIsVisible = 0;
			defaultConfigurationName = Release;
		};
/* End XCConfigurationList section */

/* Begin XCVersionGroup section */
		68E66049225EDD6100045D07 /* _____.xcdatamodeld */ = {
			isa = XCVersionGroup;
			children = (
				68E6604A225EDD6100045D07 /* _____.xcdatamodel */,
			);
			currentVersion = 68E6604A225EDD6100045D07 /* _____.xcdatamodel */;
			path = "_____.xcdatamodeld";
			sourceTree = "<group>";
			versionGroupType = wrapper.xcdatamodel;
		};
/* End XCVersionGroup section */
	};
	rootObject = 68E66035225EDD6100045D07 /* Project object */;
}
